
Microsoft Visual Studio Solution File, Format Version 12.00
# Visual Studio Version 17
VisualStudioVersion = 17.4.33213.308
MinimumVisualStudioVersion = 10.0.40219.1
Project("{FAE04EC0-301F-11D3-BF4B-00C04F79EFBC}") = "ControllersBasics", "ControllersBasics\ControllersBasics.csproj", "{63F698C4-00EB-4DB5-832D-0760AB01214A}"
EndProject
Global
	GlobalSection(SolutionConfigurationPlatforms) = preSolution
		Debug|Any CPU = Debug|Any CPU
		Release|Any CPU = Release|Any CPU
	EndGlobalSection
	GlobalSection(ProjectConfigurationPlatforms) = postSolution
		{63F698C4-00EB-4DB5-832D-0760AB01214A}.Debug|Any CPU.ActiveCfg = Debug|Any CPU
		{63F698C4-00EB-4DB5-832D-0760AB01214A}.Debug|Any CPU.Build.0 = Debug|Any CPU
		{63F698C4-00EB-4DB5-832D-0760AB01214A}.Release|Any CPU.ActiveCfg = Release|Any CPU
		{63F698C4-00EB-4DB5-832D-0760AB01214A}.Release|Any CPU.Build.0 = Release|Any CPU
	EndGlobalSection
	GlobalSection(SolutionProperties) = preSolution
		HideSolutionNode = FALSE
	EndGlobalSection
	GlobalSection(ExtensibilityGlobals) = postSolution
		SolutionGuid = {13C46D14-9E5B-496B-8A2B-A5A33CADFBCE}
	EndGlobalSection
EndGlobal
